// !$*UTF8*$!
{
	archiveVersion = 1;
	classes = {
	};
	objectVersion = 50;
	objects = {

/* Begin PBXBuildFile section */
		E65B74C327CF46D30076E34D /* AppDelegate.swift in Sources */ = {isa = PBXBuildFile; fileRef = E65B74C227CF46D30076E34D /* AppDelegate.swift */; };
		E65B74C527CF46D30076E34D /* SceneDelegate.swift in Sources */ = {isa = PBXBuildFile; fileRef = E65B74C427CF46D30076E34D /* SceneDelegate.swift */; };
		E65B74C727CF46D30076E34D /* ViewController.swift in Sources */ = {isa = PBXBuildFile; fileRef = E65B74C627CF46D30076E34D /* ViewController.swift */; };
		E65B74CA27CF46D30076E34D /* Main.storyboard in Resources */ = {isa = PBXBuildFile; fileRef = E65B74C827CF46D30076E34D /* Main.storyboard */; };
		E65B74CC27CF46D60076E34D /* Assets.xcassets in Resources */ = {isa = PBXBuildFile; fileRef = E65B74CB27CF46D60076E34D /* Assets.xcassets */; };
		E65B74CF27CF46D60076E34D /* LaunchScreen.storyboard in Resources */ = {isa = PBXBuildFile; fileRef = E65B74CD27CF46D60076E34D /* LaunchScreen.storyboard */; };
		E65B74D727CF47E50076E34D /* CollectionViewCell.swift in Sources */ = {isa = PBXBuildFile; fileRef = E65B74D627CF47E50076E34D /* CollectionViewCell.swift */; };
		E65B74D927CF4B6C0076E34D /* CustomLayout.swift in Sources */ = {isa = PBXBuildFile; fileRef = E65B74D827CF4B6C0076E34D /* CustomLayout.swift */; };
		E65B74DB27CF59DD0076E34D /* Photo.swift in Sources */ = {isa = PBXBuildFile; fileRef = E65B74DA27CF59DD0076E34D /* Photo.swift */; };
/* End PBXBuildFile section */

/* Begin PBXFileReference section */
		E65B74BF27CF46D30076E34D /* CollectionViewCustomLayoutExample.app */ = {isa = PBXFileReference; explicitFileType = wrapper.application; includeInIndex = 0; path = CollectionViewCustomLayoutExample.app; sourceTree = BUILT_PRODUCTS_DIR; };
		E65B74C227CF46D30076E34D /* AppDelegate.swift */ = {isa = PBXFileReference; lastKnownFileType = sourcecode.swift; path = AppDelegate.swift; sourceTree = "<group>"; };
		E65B74C427CF46D30076E34D /* SceneDelegate.swift */ = {isa = PBXFileReference; lastKnownFileType = sourcecode.swift; path = SceneDelegate.swift; sourceTree = "<group>"; };
		E65B74C627CF46D30076E34D /* ViewController.swift */ = {isa = PBXFileReference; lastKnownFileType = sourcecode.swift; path = ViewController.swift; sourceTree = "<group>"; };
		E65B74C927CF46D30076E34D /* Base */ = {isa = PBXFileReference; lastKnownFileType = file.storyboard; name = Base; path = Base.lproj/Main.storyboard; sourceTree = "<group>"; };
		E65B74CB27CF46D60076E34D /* Assets.xcassets */ = {isa = PBXFileReference; lastKnownFileType = folder.assetcatalog; path = Assets.xcassets; sourceTree = "<group>"; };
		E65B74CE27CF46D60076E34D /* Base */ = {isa = PBXFileReference; lastKnownFileType = file.storyboard; name = Base; path = Base.lproj/LaunchScreen.storyboard; sourceTree = "<group>"; };
		E65B74D027CF46D60076E34D /* Info.plist */ = {isa = PBXFileReference; lastKnownFileType = text.plist.xml; path = Info.plist; sourceTree = "<group>"; };
		E65B74D627CF47E50076E34D /* CollectionViewCell.swift */ = {isa = PBXFileReference; lastKnownFileType = sourcecode.swift; path = CollectionViewCell.swift; sourceTree = "<group>"; };
		E65B74D827CF4B6C0076E34D /* CustomLayout.swift */ = {isa = PBXFileReference; lastKnownFileType = sourcecode.swift; path = CustomLayout.swift; sourceTree = "<group>"; };
		E65B74DA27CF59DD0076E34D /* Photo.swift */ = {isa = PBXFileReference; lastKnownFileType = sourcecode.swift; path = Photo.swift; sourceTree = "<group>"; };
/* End PBXFileReference section */

/* Begin PBXFrameworksBuildPhase section */
		E65B74BC27CF46D30076E34D /* Frameworks */ = {
			isa = PBXFrameworksBuildPhase;
			buildActionMask = 2147483647;
			files = (
			);
			runOnlyForDeploymentPostprocessing = 0;
		};
/* End PBXFrameworksBuildPhase section */

/* Begin PBXGroup section */
		E65B74B627CF46D30076E34D = {
			isa = PBXGroup;
			children = (
				E65B74C127CF46D30076E34D /* CollectionViewCustomLayoutExample */,
				E65B74C027CF46D30076E34D /* Products */,
			);
			sourceTree = "<group>";
		};
		E65B74C027CF46D30076E34D /* Products */ = {
			isa = PBXGroup;
			children = (
				E65B74BF27CF46D30076E34D /* CollectionViewCustomLayoutExample.app */,
			);
			name = Products;
			sourceTree = "<group>";
		};
		E65B74C127CF46D30076E34D /* CollectionViewCustomLayoutExample */ = {
			isa = PBXGroup;
			children = (
				E65B74C227CF46D30076E34D /* AppDelegate.swift */,
				E65B74C427CF46D30076E34D /* SceneDelegate.swift */,
				E65B74D627CF47E50076E34D /* CollectionViewCell.swift */,
				E65B74D827CF4B6C0076E34D /* CustomLayout.swift */,
				E65B74C627CF46D30076E34D /* ViewController.swift */,
				E65B74DA27CF59DD0076E34D /* Photo.swift */,
				E65B74C827CF46D30076E34D /* Main.storyboard */,
				E65B74CB27CF46D60076E34D /* Assets.xcassets */,
				E65B74CD27CF46D60076E34D /* LaunchScreen.storyboard */,
				E65B74D027CF46D60076E34D /* Info.plist */,
			);
			path = CollectionViewCustomLayoutExample;
			sourceTree = "<group>";
		};
/* End PBXGroup section */

/* Begin PBXNativeTarget section */
		E65B74BE27CF46D30076E34D /* CollectionViewCustomLayoutExample */ = {
			isa = PBXNativeTarget;
			buildConfigurationList = E65B74D327CF46D60076E34D /* Build configuration list for PBXNativeTarget "CollectionViewCustomLayoutExample" */;
			buildPhases = (
				E65B74BB27CF46D30076E34D /* Sources */,
				E65B74BC27CF46D30076E34D /* Frameworks */,
				E65B74BD27CF46D30076E34D /* Resources */,
			);
			buildRules = (
			);
			dependencies = (
			);
			name = CollectionViewCustomLayoutExample;
			productName = CollectionViewCustomLayoutExample;
			productReference = E65B74BF27CF46D30076E34D /* CollectionViewCustomLayoutExample.app */;
			productType = "com.apple.product-type.application";
		};
/* End PBXNativeTarget section */

/* Begin PBXProject section */
		E65B74B727CF46D30076E34D /* Project object */ = {
			isa = PBXProject;
			attributes = {
				LastSwiftUpdateCheck = 1250;
				LastUpgradeCheck = 1250;
				TargetAttributes = {
					E65B74BE27CF46D30076E34D = {
						CreatedOnToolsVersion = 12.5.1;
					};
				};
			};
			buildConfigurationList = E65B74BA27CF46D30076E34D /* Build configuration list for PBXProject "CollectionViewCustomLayoutExample" */;
			compatibilityVersion = "Xcode 9.3";
			developmentRegion = en;
			hasScannedForEncodings = 0;
			knownRegions = (
				en,
				Base,
			);
			mainGroup = E65B74B627CF46D30076E34D;
			productRefGroup = E65B74C027CF46D30076E34D /* Products */;
			projectDirPath = "";
			projectRoot = "";
			targets = (
				E65B74BE27CF46D30076E34D /* CollectionViewCustomLayoutExample */,
			);
		};
/* End PBXProject section */

/* Begin PBXResourcesBuildPhase section */
		E65B74BD27CF46D30076E34D /* Resources */ = {
			isa = PBXResourcesBuildPhase;
			buildActionMask = 2147483647;
			files = (
				E65B74CF27CF46D60076E34D /* LaunchScreen.storyboard in Resources */,
				E65B74CC27CF46D60076E34D /* Assets.xcassets in Resources */,
				E65B74CA27CF46D30076E34D /* Main.storyboard in Resources */,
			);
			runOnlyForDeploymentPostprocessing = 0;
		};
/* End PBXResourcesBuildPhase section */

/* Begin PBXSourcesBuildPhase section */
		E65B74BB27CF46D30076E34D /* Sources */ = {
			isa = PBXSourcesBuildPhase;
			buildActionMask = 2147483647;
			files = (
				E65B74DB27CF59DD0076E34D /* Photo.swift in Sources */,
				E65B74C727CF46D30076E34D /* ViewController.swift in Sources */,
				E65B74D927CF4B6C0076E34D /* CustomLayout.swift in Sources */,
				E65B74C327CF46D30076E34D /* AppDelegate.swift in Sources */,
				E65B74D727CF47E50076E34D /* CollectionViewCell.swift in Sources */,
				E65B74C527CF46D30076E34D /* SceneDelegate.swift in Sources */,
			);
			runOnlyForDeploymentPostprocessing = 0;
		};
/* End PBXSourcesBuildPhase section */

/* Begin PBXVariantGroup section */
		E65B74C827CF46D30076E34D /* Main.storyboard */ = {
			isa = PBXVariantGroup;
			children = (
				E65B74C927CF46D30076E34D /* Base */,
			);
			name = Main.storyboard;
			sourceTree = "<group>";
		};
		E65B74CD27CF46D60076E34D /* LaunchScreen.storyboard */ = {
			isa = PBXVariantGroup;
			children = (
				E65B74CE27CF46D60076E34D /* Base */,
			);
			name = LaunchScreen.storyboard;
			sourceTree = "<group>";
		};
/* End PBXVariantGroup section */

/* Begin XCBuildConfiguration section */
		E65B74D127CF46D60076E34D /* Debug */ = {
			isa = XCBuildConfiguration;
			buildSettings = {
				ALWAYS_SEARCH_USER_PATHS = NO;
				CLANG_ANALYZER_NONNULL = YES;
				CLANG_ANALYZER_NUMBER_OBJECT_CONVERSION = YES_AGGRESSIVE;
				CLANG_CXX_LANGUAGE_STANDARD = "gnu++14";
				CLANG_CXX_LIBRARY = "libc++";
				CLANG_ENABLE_MODULES = YES;
				CLANG_ENABLE_OBJC_ARC = YES;
				CLANG_ENABLE_OBJC_WEAK = YES;
				CLANG_WARN_BLOCK_CAPTURE_AUTORELEASING = YES;
				CLANG_WARN_BOOL_CONVERSION = YES;
				CLANG_WARN_COMMA = YES;
				CLANG_WARN_CONSTANT_CONVERSION = YES;
				CLANG_WARN_DEPRECATED_OBJC_IMPLEMENTATIONS = YES;
				CLANG_WARN_DIRECT_OBJC_ISA_USAGE = YES_ERROR;
				CLANG_WARN_DOCUMENTATION_COMMENTS = YES;
				CLANG_WARN_EMPTY_BODY = YES;
				CLANG_WARN_ENUM_CONVERSION = YES;
				CLANG_WARN_INFINITE_RECURSION = YES;
				CLANG_WARN_INT_CONVERSION = YES;
				CLANG_WARN_NON_LITERAL_NULL_CONVERSION = YES;
				CLANG_WARN_OBJC_IMPLICIT_RETAIN_SELF = YES;
				CLANG_WARN_OBJC_LITERAL_CONVERSION = YES;
				CLANG_WARN_OBJC_ROOT_CLASS = YES_ERROR;
				CLANG_WARN_QUOTED_INCLUDE_IN_FRAMEWORK_HEADER = YES;
				CLANG_WARN_RANGE_LOOP_ANALYSIS = YES;
				CLANG_WARN_STRICT_PROTOTYPES = YES;
				CLANG_WARN_SUSPICIOUS_MOVE = YES;
				CLANG_WARN_UNGUARDED_AVAILABILITY = YES_AGGRESSIVE;
				CLANG_WARN_UNREACHABLE_CODE = YES;
				CLANG_WARN__DUPLICATE_METHOD_MATCH = YES;
				COPY_PHASE_STRIP = NO;
				DEBUG_INFORMATION_FORMAT = dwarf;
				ENABLE_STRICT_OBJC_MSGSEND = YES;
				ENABLE_TESTABILITY = YES;
				GCC_C_LANGUAGE_STANDARD = gnu11;
				GCC_DYNAMIC_NO_PIC = NO;
				GCC_NO_COMMON_BLOCKS = YES;
				GCC_OPTIMIZATION_LEVEL = 0;
				GCC_PREPROCESSOR_DEFINITIONS = (
					"DEBUG=1",
					"$(inherited)",
				);
				GCC_WARN_64_TO_32_BIT_CONVERSION = YES;
				GCC_WARN_ABOUT_RETURN_TYPE = YES_ERROR;
				GCC_WARN_UNDECLARED_SELECTOR = YES;
				GCC_WARN_UNINITIALIZED_AUTOS = YES_AGGRESSIVE;
				GCC_WARN_UNUSED_FUNCTION = YES;
				GCC_WARN_UNUSED_VARIABLE = YES;
				IPHONEOS_DEPLOYMENT_TARGET = 14.5;
				MTL_ENABLE_DEBUG_INFO = INCLUDE_SOURCE;
				MTL_FAST_MATH = YES;
				ONLY_ACTIVE_ARCH = YES;
				SDKROOT = iphoneos;
				SWIFT_ACTIVE_COMPILATION_CONDITIONS = DEBUG;
				SWIFT_OPTIMIZATION_LEVEL = "-Onone";
			};
			name = Debug;
		};
		E65B74D227CF46D60076E34D /* Release */ = {
			isa = XCBuildConfiguration;
			buildSettings = {
				ALWAYS_SEARCH_USER_PATHS = NO;
				CLANG_ANALYZER_NONNULL = YES;
				CLANG_ANALYZER_NUMBER_OBJECT_CONVERSION = YES_AGGRESSIVE;
				CLANG_CXX_LANGUAGE_STANDARD = "gnu++14";
				CLANG_CXX_LIBRARY = "libc++";
				CLANG_ENABLE_MODULES = YES;
				CLANG_ENABLE_OBJC_ARC = YES;
				CLANG_ENABLE_OBJC_WEAK = YES;
				CLANG_WARN_BLOCK_CAPTURE_AUTORELEASING = YES;
				CLANG_WARN_BOOL_CONVERSION = YES;
				CLANG_WARN_COMMA = YES;
				CLANG_WARN_CONSTANT_CONVERSION = YES;
				CLANG_WARN_DEPRECATED_OBJC_IMPLEMENTATIONS = YES;
				CLANG_WARN_DIRECT_OBJC_ISA_USAGE = YES_ERROR;
				CLANG_WARN_DOCUMENTATION_COMMENTS = YES;
				CLANG_WARN_EMPTY_BODY = YES;
				CLANG_WARN_ENUM_CONVERSION = YES;
				CLANG_WARN_INFINITE_RECURSION = YES;
				CLANG_WARN_INT_CONVERSION = YES;
				CLANG_WARN_NON_LITERAL_NULL_CONVERSION = YES;
				CLANG_WARN_OBJC_IMPLICIT_RETAIN_SELF = YES;
				CLANG_WARN_OBJC_LITERAL_CONVERSION = YES;
				CLANG_WARN_OBJC_ROOT_CLASS = YES_ERROR;
				CLANG_WARN_QUOTED_INCLUDE_IN_FRAMEWORK_HEADER = YES;
				CLANG_WARN_RANGE_LOOP_ANALYSIS = YES;
				CLANG_WARN_STRICT_PROTOTYPES = YES;
				CLANG_WARN_SUSPICIOUS_MOVE = YES;
				CLANG_WARN_UNGUARDED_AVAILABILITY = YES_AGGRESSIVE;
				CLANG_WARN_UNREACHABLE_CODE = YES;
				CLANG_WARN__DUPLICATE_METHOD_MATCH = YES;
				COPY_PHASE_STRIP = NO;
				DEBUG_INFORMATION_FORMAT = "dwarf-with-dsym";
				ENABLE_NS_ASSERTIONS = NO;
				ENABLE_STRICT_OBJC_MSGSEND = YES;
				GCC_C_LANGUAGE_STANDARD = gnu11;
				GCC_NO_COMMON_BLOCKS = YES;
				GCC_WARN_64_TO_32_BIT_CONVERSION = YES;
				GCC_WARN_ABOUT_RETURN_TYPE = YES_ERROR;
				GCC_WARN_UNDECLARED_SELECTOR = YES;
				GCC_WARN_UNINITIALIZED_AUTOS = YES_AGGRESSIVE;
				GCC_WARN_UNUSED_FUNCTION = YES;
				GCC_WARN_UNUSED_VARIABLE = YES;
				IPHONEOS_DEPLOYMENT_TARGET = 14.5;
				MTL_ENABLE_DEBUG_INFO = NO;
				MTL_FAST_MATH = YES;
				SDKROOT = iphoneos;
				SWIFT_COMPILATION_MODE = wholemodule;
				SWIFT_OPTIMIZATION_LEVEL = "-O";
				VALIDATE_PRODUCT = YES;
			};
			name = Release;
		};
		E65B74D427CF46D60076E34D /* Debug */ = {
			isa = XCBuildConfiguration;
			buildSettings = {
				ASSETCATALOG_COMPILER_APPICON_NAME = AppIcon;
				ASSETCATALOG_COMPILER_GLOBAL_ACCENT_COLOR_NAME = AccentColor;
				CODE_SIGN_STYLE = Automatic;
				DEVELOPMENT_TEAM = 836F74QU3G;
				INFOPLIST_FILE = CollectionViewCustomLayoutExample/Info.plist;
				LD_RUNPATH_SEARCH_PATHS = (
					"$(inherited)",
					"@executable_path/Frameworks",
				);
				PRODUCT_BUNDLE_IDENTIFIER = FirstMac.13.net.CollectionViewCustomLayoutExample;
				PRODUCT_NAME = "$(TARGET_NAME)";
				SWIFT_VERSION = 5.0;
				TARGETED_DEVICE_FAMILY = "1,2";
			};
			name = Debug;
		};
		E65B74D527CF46D60076E34D /* Release */ = {
			isa = XCBuildConfiguration;
			buildSettings = {
				ASSETCATALOG_COMPILER_APPICON_NAME = AppIcon;
				ASSETCATALOG_COMPILER_GLOBAL_ACCENT_COLOR_NAME = AccentColor;
				CODE_SIGN_STYLE = Automatic;
				DEVELOPMENT_TEAM = 836F74QU3G;
				INFOPLIST_FILE = CollectionViewCustomLayoutExample/Info.plist;
				LD_RUNPATH_SEARCH_PATHS = (
					"$(inherited)",
					"@executable_path/Frameworks",
				);
				PRODUCT_BUNDLE_IDENTIFIER = FirstMac.13.net.CollectionViewCustomLayoutExample;
				PRODUCT_NAME = "$(TARGET_NAME)";
				SWIFT_VERSION = 5.0;
				TARGETED_DEVICE_FAMILY = "1,2";
			};
			name = Release;
		};
/* End XCBuildConfiguration section */

/* Begin XCConfigurationList section */
		E65B74BA27CF46D30076E34D /* Build configuration list for PBXProject "CollectionViewCustomLayoutExample" */ = {
			isa = XCConfigurationList;
			buildConfigurations = (
				E65B74D127CF46D60076E34D /* Debug */,
				E65B74D227CF46D60076E34D /* Release */,
			);
			defaultConfigurationIsVisible = 0;
			defaultConfigurationName = Release;
		};
		E65B74D327CF46D60076E34D /* Build configuration list for PBXNativeTarget "CollectionViewCustomLayoutExample" */ = {
			isa = XCConfigurationList;
			buildConfigurations = (
				E65B74D427CF46D60076E34D /* Debug */,
				E65B74D527CF46D60076E34D /* Release */,
			);
			defaultConfigurationIsVisible = 0;
			defaultConfigurationName = Release;
		};
/* End XCConfigurationList section */
	};
	rootObject = E65B74B727CF46D30076E34D /* Project object */;
}
